# This file is autogenerated, do not edit; changes may be undone by the next 'dep ensure'.


[[projects]]
  digest = "1:5d3e23515e7916c152cc665eda0f7eaf6fdf8fdfe7c3dbac97049bcbd649b33f"
  name = "github.com/Knetic/govaluate"
  packages = ["."]
  pruneopts = "UT"
  revision = "d216395917cc49052c7c7094cf57f09657ca08a8"
  version = "v3.0.0"

[[projects]]
  digest = "1:59e88402ad54c4138e247a8a270ff6951037e292ecf601667dbedd6f611d0035"
  name = "github.com/akrylysov/algnhsa"
  packages = ["."]
  pruneopts = "UT"
  revision = "05b3d192e9a7c7e3e64ecfd4be490a6771a05b3f"
  version = "v0.11"

[[projects]]
  digest = "1:74aec68f709d9be009983e2d6f472fd53f52f65a8bae4b9c29c030e56109f111"
  name = "github.com/aws/aws-lambda-go"
  packages = [
    "events",
    "lambda",
    "lambda/handlertrace",
    "lambda/messages",
    "lambdacontext",
  ]
  pruneopts = "UT"
  revision = "f7dba3f79cca0ce775c07c38db419e0da8d7ca64"
  version = "v1.12.1"

[[projects]]
  digest = "1:705e97956c07a01422633fc9154bc87d782c587de492785ce8fe9501262af1da"
  name = "github.com/aws/aws-sdk-go"
  packages = [
    "aws",
    "aws/awserr",
    "aws/awsutil",
    "aws/client",
    "aws/client/metadata",
    "aws/corehandlers",
    "aws/credentials",
    "aws/credentials/ec2rolecreds",
    "aws/credentials/endpointcreds",
    "aws/credentials/processcreds",
    "aws/credentials/stscreds",
    "aws/crr",
    "aws/csm",
    "aws/defaults",
    "aws/ec2metadata",
    "aws/endpoints",
    "aws/request",
    "aws/session",
    "aws/signer/v4",
    "internal/ini",
    "internal/s3err",
    "internal/sdkio",
    "internal/sdkrand",
    "internal/sdkuri",
    "internal/shareddefaults",
    "private/protocol",
    "private/protocol/eventstream",
    "private/protocol/eventstream/eventstreamapi",
    "private/protocol/json/jsonutil",
    "private/protocol/jsonrpc",
    "private/protocol/query",
    "private/protocol/query/queryutil",
    "private/protocol/rest",
    "private/protocol/restxml",
    "private/protocol/xml/xmlutil",
    "service/dynamodb",
    "service/dynamodb/dynamodbattribute",
    "service/s3",
    "service/ses",
    "service/sts",
    "service/sts/stsiface",
  ]
  pruneopts = "UT"
  revision = "fe1a8f58dd8410b629e504f0cf0315ca74a1e20a"
  version = "v1.23.2"

[[projects]]
  digest = "1:0f98f59e9a2f4070d66f0c9c39561f68fcd1dc837b22a852d28d0003aebd1b1e"
  name = "github.com/boltdb/bolt"
  packages = ["."]
  pruneopts = "UT"
  revision = "2f1ce7a837dcb8da3ec595b1dac9d0632f0f99e8"
  version = "v1.3.1"

[[projects]]
  digest = "1:d3d1f7bfcaaa5cc56c36d010937e28d1c6c38810b95086cd445eb433b83cbf75"
  name = "github.com/casbin/casbin"
  packages = [
    ".",
    "config",
    "effect",
    "errors",
    "log",
    "model",
    "persist",
    "persist/file-adapter",
    "rbac",
    "rbac/default-role-manager",
    "util",
  ]
  pruneopts = "UT"
  revision = "aaed1b7a7eac65d37ec4e15e308429fdf0bd6a9e"
  version = "v1.9.1"

[[projects]]
  digest = "1:b4ba0dcf39b5ba06f69d9cd4eaacaba334801073099eb8be273d595094c99db3"
  name = "github.com/coreos/etcd"
  packages = [
    "auth/authpb",
    "etcdserver/api/v3rpc/rpctypes",
    "etcdserver/etcdserverpb",
    "mvcc/mvccpb",
    "pkg/types",
  ]
  pruneopts = "UT"
  revision = "98d308426819d892e149fe45f6fd542464cb1f9d"
  version = "v3.3.13"

[[projects]]
  digest = "1:76dc72490af7174349349838f2fe118996381b31ea83243812a97e5a0fd5ed55"
  name = "github.com/dgrijalva/jwt-go"
  packages = ["."]
  pruneopts = "UT"
  revision = "06ea1031745cb8b3dab3f6a236daf2b0aa468b7e"
  version = "v3.2.0"

[[projects]]
  digest = "1:e1ff887e232b2d8f4f7c7db15a5fac7be418025afc4dda53c59c765dbb5aa6b4"
  name = "github.com/go-playground/locales"
  packages = [
    ".",
    "currency",
  ]
  pruneopts = "UT"
  revision = "f63010822830b6fe52288ee52d5a1151088ce039"
  version = "v0.12.1"

[[projects]]
  digest = "1:e022cf244bcac1b6ef933f1a2e0adcf6a6dfd7b872d8d41e4d4179bb09a87cbc"
  name = "github.com/go-playground/universal-translator"
  packages = ["."]
  pruneopts = "UT"
  revision = "b32fa301c9fe55953584134cb6853a13c87ec0a1"
  version = "v0.16.0"

[[projects]]
  digest = "1:6bafc5f7351645dce4cd04ec4db791bdb421d43da13c3fcef8b90cca01ba7621"
  name = "github.com/go-redis/redis"
  packages = [
    ".",
    "internal",
    "internal/consistenthash",
    "internal/hashtag",
    "internal/pool",
    "internal/proto",
    "internal/util",
  ]
  pruneopts = "UT"
  revision = "c5c4ad6a4cae24f3867af1a0513709fc944a87f3"
  version = "v6.15.4"

[[projects]]
  digest = "1:4652941215f23c7ad6546bab86964c72248a1134baa53f0df618661344ba5cac"
  name = "github.com/gogo/protobuf"
  packages = [
    "gogoproto",
    "proto",
    "protoc-gen-gogo/descriptor",
  ]
  pruneopts = "UT"
  revision = "ba06b47c162d49f2af050fb4c75bcbc86a159d5c"
  version = "v1.2.1"

[[projects]]
  digest = "1:f5ce1529abc1204444ec73779f44f94e2fa8fcdb7aca3c355b0c95947e4005c6"
  name = "github.com/golang/protobuf"
  packages = [
    "proto",
    "ptypes",
    "ptypes/any",
    "ptypes/duration",
    "ptypes/timestamp",
  ]
  pruneopts = "UT"
  revision = "6c65a5562fc06764971b7c5d05c76c75e84bdbf7"
  version = "v1.3.2"

[[projects]]
  digest = "1:cbec35fe4d5a4fba369a656a8cd65e244ea2c743007d8f6c1ccb132acf9d1296"
  name = "github.com/gorilla/mux"
  packages = ["."]
  pruneopts = "UT"
  revision = "00bdffe0f3c77e27d2cf6f5c70232a2d3e4d9c15"
  version = "v1.7.3"

[[projects]]
  digest = "1:345ad428d03cc89fa5498d61383d0d7f39afbe8731ca135c0ec92782285121d3"
  name = "github.com/gorilla/schema"
  packages = ["."]
  pruneopts = "UT"
  revision = "124d17ef95858a10835ce95502446cb5a9e9f715"
  version = "v1.1.0"

[[projects]]
  digest = "1:bb81097a5b62634f3e9fec1014657855610c82d19b9a40c17612e32651e35dca"
  name = "github.com/jmespath/go-jmespath"
  packages = ["."]
  pruneopts = "UT"
  revision = "c2b33e84"

[[projects]]
  digest = "1:6782ffc812e8e700e6952ede1e60487ff1fd9da489eff762985be662a7cfc431"
  name = "github.com/leodido/go-urn"
  packages = ["."]
  pruneopts = "UT"
  revision = "70078a794e8ea4b497ba7c19a78cd60f90ccf0f4"
  version = "v1.1.0"

[[projects]]
  branch = "master"
  digest = "1:5e02c5dc1a78f274c42f918400e53470b9e10c41af5fdbdcb9568448bb1e9349"
  name = "github.com/madappgang/identifo"
  packages = [
    "configuration/storage/etcd",
    "configuration/storage/file",
    "configuration/storage/s3",
    "external_services/mail/mailgun",
    "external_services/mail/mock",
    "external_services/mail/ses",
    "external_services/sms/mock",
    "external_services/sms/twilio",
    "external_services/storage/s3",
    "identity_providers/apple",
    "identity_providers/facebook",
    "jwt",
    "jwt/service",
    "jwt/validator",
    "model",
    "server",
    "server/boltdb",
    "server/dynamodb",
    "server/fake",
    "server/mgo",
    "sessions/dynamodb",
    "sessions/mem",
    "sessions/redis",
    "storage/boltdb",
    "storage/dynamodb",
    "storage/mem",
    "storage/mongo",
    "web",
    "web/admin",
    "web/adminpanel",
    "web/api",
    "web/authorization",
    "web/html",
    "web/middleware",
  ]
  pruneopts = "UT"
  revision = "08dcdaf880da75dcd7b591b74576b265a5edd27f"

[[projects]]
  digest = "1:6ad77325212e02cc2c76bc974fcfb59a227018afddbd3bc78ea3cc53dadb2554"
  name = "github.com/mailgun/mailgun-go"
  packages = ["."]
  pruneopts = "UT"
  revision = "28c45085c063854b83107df6cf37ad8f88462105"
  version = "v1.1.1"

[[projects]]
  digest = "1:ef33732d69726fe59779c2d8d82c4414902763378e493823c4682d3ab2c1f592"
  name = "github.com/pallinder/go-randomdata"
  packages = ["."]
  pruneopts = "UT"
  revision = "26f4a641b55b152ed383ba02b30b99763401ade3"
  version = "v1.2.0"

[[projects]]
  digest = "1:cf31692c14422fa27c83a05292eb5cbe0fb2775972e8f1f8446a71549bd8980b"
  name = "github.com/pkg/errors"
  packages = ["."]
  pruneopts = "UT"
  revision = "ba968bfe8b2f7e042a574c888954fccecfa385b4"
  version = "v0.8.1"

[[projects]]
  branch = "master"
  digest = "1:399bffeaa067be2f46b747c99b5cf520faefe4aa6811003979fdd9b7c1098f67"
  name = "github.com/qiangmzsx/string-adapter"
  packages = ["."]
  pruneopts = "UT"
  revision = "38f25303bb0cd40e674a6fac01e0171ab905f5a1"

[[projects]]
  digest = "1:c5dfe46811af7e2eff7c11fc84b6c841520338613c056f659f262d5a4fb42fa8"
  name = "github.com/rs/cors"
  packages = ["."]
  pruneopts = "UT"
  revision = "db0fe48135e83b5812a5a31be0eea66984b1b521"
  version = "v1.7.0"

[[projects]]
  digest = "1:2e76a73cb51f42d63a2a1a85b3dc5731fd4faf6821b434bd0ef2c099186031d6"
  name = "github.com/rs/xid"
  packages = ["."]
  pruneopts = "UT"
  revision = "15d26544def341f036c5f8dca987a4cbe575032c"
  version = "v1.2.1"

[[projects]]
  branch = "master"
  digest = "1:17d1e8a8a5c4a2b35276997998e4a42df078512fe3ac05fd7a3fae2efacacafa"
  name = "github.com/sfreiberg/gotwilio"
  packages = ["."]
  pruneopts = "UT"
  revision = "0491b6bcc52386f0106e65e42e5863c1b8e2a088"

[[projects]]
  digest = "1:d688f4ad71b5dfad95c2d74cb0feac09f8f3c32ae5cecc078230dbdeece39e53"
  name = "github.com/urfave/negroni"
  packages = ["."]
  pruneopts = "UT"
  revision = "c6a59be0ce122566695fbd5e48a77f8f10c8a63a"
  version = "v1.0.0"

[[projects]]
  branch = "master"
  digest = "1:9f59c1f4d14117b1a73bf4393edc06b33d56ad41de6482b042fe295a8be8daff"
  name = "github.com/xlzd/gotp"
  packages = ["."]
  pruneopts = "UT"
  revision = "c8557ba2c11930b3069b31bfd80f38cc774cc68a"

[[projects]]
  digest = "1:762df97c14bc6eaa5a01a4dcf50820428ae495e020f3ba80762f217889de302c"
  name = "go.etcd.io/etcd"
  packages = ["clientv3"]
  pruneopts = "UT"
  revision = "98d308426819d892e149fe45f6fd542464cb1f9d"
  version = "v3.3.13"

[[projects]]
  branch = "master"
  digest = "1:9d5b5d543996dd584da1db1e0de1926f3e4c3a8dba0fa2f8db70f3ebee2342e0"
  name = "golang.org/x/crypto"
  packages = [
    "bcrypt",
    "blowfish",
  ]
  pruneopts = "UT"
  revision = "4def268fd1a49955bfb3dda92fe3db4f924f2285"

[[projects]]
  branch = "master"
  digest = "1:082ed090a1aedec21b660263f98f72582e431b56e8e27b88cc00faa1510fde14"
  name = "golang.org/x/net"
  packages = [
    "context",
    "http/httpguts",
    "http2",
    "http2/hpack",
    "idna",
    "internal/timeseries",
    "trace",
  ]
  pruneopts = "UT"
  revision = "74dc4d7220e7acc4e100824340f3e66577424772"

[[projects]]
  branch = "master"
  digest = "1:47844666be86089349a441f5f0ece22f42a87a8cb8c9a31294c593f43209ad19"
  name = "golang.org/x/sys"
  packages = ["unix"]
  pruneopts = "UT"
  revision = "fde4db37ae7ad8191b03d30d27f258b5291ae4e3"

[[projects]]
  digest = "1:8d8faad6b12a3a4c819a3f9618cb6ee1fa1cfc33253abeeea8b55336721e3405"
  name = "golang.org/x/text"
  packages = [
    "collate",
    "collate/build",
    "internal/colltab",
    "internal/gen",
    "internal/language",
    "internal/language/compact",
    "internal/tag",
    "internal/triegen",
    "internal/ucd",
    "language",
    "secure/bidirule",
    "transform",
    "unicode/bidi",
    "unicode/cldr",
    "unicode/norm",
    "unicode/rangetable",
  ]
  pruneopts = "UT"
  revision = "342b2e1fbaa52c93f31447ad2c6abc048c63e475"
  version = "v0.3.2"

[[projects]]
  branch = "master"
  digest = "1:583a0c80f5e3a9343d33aea4aead1e1afcc0043db66fdf961ddd1fe8cd3a4faf"
  name = "google.golang.org/genproto"
  packages = ["googleapis/rpc/status"]
  pruneopts = "UT"
  revision = "fa694d86fc64c7654a660f8908de4e879866748d"

[[projects]]
  digest = "1:48eafc052e46b4ebbc7882553873cf6198203e528627cefc94dcaf8553addd19"
  name = "google.golang.org/grpc"
  packages = [
    ".",
    "balancer",
    "balancer/base",
    "balancer/roundrobin",
    "binarylog/grpc_binarylog_v1",
    "codes",
    "connectivity",
    "credentials",
    "credentials/internal",
    "encoding",
    "encoding/proto",
    "grpclog",
    "health/grpc_health_v1",
    "internal",
    "internal/backoff",
    "internal/balancerload",
    "internal/binarylog",
    "internal/channelz",
    "internal/envconfig",
    "internal/grpcrand",
    "internal/grpcsync",
    "internal/syscall",
    "internal/transport",
    "keepalive",
    "metadata",
    "naming",
    "peer",
    "resolver",
    "resolver/dns",
    "resolver/passthrough",
    "serviceconfig",
    "stats",
    "status",
    "tap",
  ]
  pruneopts = "UT"
  revision = "6eaf6f47437a6b4e2153a190160ef39a92c7eceb"
  version = "v1.23.0"

[[projects]]
  digest = "1:ffb045e56464a5f683830c7a8eec153d35c0444c77f6132bc531617ed58a94d2"
  name = "gopkg.in/go-playground/validator.v9"
  packages = ["."]
  pruneopts = "UT"
  revision = "556b9da3c05f2a935bc086fb5a0bb55dd8112d2d"
  version = "v9.29.1"

[[projects]]
  branch = "v2"
  digest = "1:4af24de1cba937fb5ef082e8860a47fd46282e6863c01930359368ee121e3114"
  name = "gopkg.in/mgo.v2"
  packages = [
    ".",
    "bson",
    "internal/json",
    "internal/sasl",
    "internal/scram",
  ]
  pruneopts = "UT"
  revision = "a6b53ec6cb22a3699387a57a161566f9402ee85b"

[[projects]]
  digest = "1:4d2e5a73dc1500038e504a8d78b986630e3626dc027bc030ba5c75da257cdb96"
  name = "gopkg.in/yaml.v2"
  packages = ["."]
  pruneopts = "UT"
  revision = "51d6538a90f86fe93ac480b35f37b2be17fef232"
  version = "v2.2.2"

[solve-meta]
  analyzer-name = "dep"
  analyzer-version = 1
  input-imports = [
    "github.com/akrylysov/algnhsa",
    "github.com/madappgang/identifo/model",
    "github.com/madappgang/identifo/server",
    "github.com/madappgang/identifo/server/boltdb",
    "github.com/madappgang/identifo/server/dynamodb",
    "github.com/madappgang/identifo/server/fake",
    "github.com/madappgang/identifo/server/mgo",
  ]
  solver-name = "gps-cdcl"
  solver-version = 1
