{
  "name": "@identifo/identifo-auth-ui",
  "version": "1.0.0",
  "lockfileVersion": 2,
  "requires": true,
  "packages": {
    "": {
      "name": "@identifo/identifo-auth-ui",
      "version": "1.0.0",
      "license": "MIT",
      "dependencies": {
        "@identifo/identifo-auth-js": "git+https://github.com/madappgang/identifo.js.git",
        "@stencil/core": "^2.0.1"
      },
      "devDependencies": {
        "@stencil/sass": "^1.4.1",
        "@types/jest": "^26.0.23",
        "@types/node": "^15.9.0"
      }
    },
    "node_modules/@identifo/identifo-auth-js": {
      "version": "3.0.8",
      "resolved": "git+ssh://git@github.com/madappgang/identifo.js.git#ead68b80e273c601f556f6df4ac9c16d45127cea",
      "integrity": "sha512-H9D5xIXdQ9GENqrOJkj/eqvexO7Ll1AR69wdZO5ARin6PLcE3Yj7ilH41pGP5OtZ4rYJMrQPE4x3hwPYYoOuVA==",
      "license": "MIT",
      "dependencies": {
        "axios": "^0.21.1",
        "jose": "3"
      }
    },
    "node_modules/@jest/types": {
      "version": "26.6.2",
      "resolved": "https://registry.npmjs.org/@jest/types/-/types-26.6.2.tgz",
      "integrity": "sha512-fC6QCp7Sc5sX6g8Tvbmj4XUTbyrik0akgRy03yjXbQaBWWNWGE7SGtJk98m0N8nzegD/7SggrUlivxo5ax4KWQ==",
      "dev": true,
      "dependencies": {
        "@types/istanbul-lib-coverage": "^2.0.0",
        "@types/istanbul-reports": "^3.0.0",
        "@types/node": "*",
        "@types/yargs": "^15.0.0",
        "chalk": "^4.0.0"
      },
      "engines": {
        "node": ">= 10.14.2"
      }
    },
    "node_modules/@stencil/core": {
      "version": "2.6.0",
      "resolved": "https://registry.npmjs.org/@stencil/core/-/core-2.6.0.tgz",
      "integrity": "sha512-QsxWayZyusnqSZrlCl81R71rA3KqFjVVQSH4E0rGN15F1GdQaFonKlHLyCOLKLig1zzC+DQkLLiUuocexuvdeQ==",
      "bin": {
        "stencil": "bin/stencil"
      },
      "engines": {
        "node": ">=12.10.0",
        "npm": ">=6.0.0"
      }
    },
    "node_modules/@stencil/sass": {
      "version": "1.4.1",
      "resolved": "https://registry.npmjs.org/@stencil/sass/-/sass-1.4.1.tgz",
      "integrity": "sha512-aFKoqtxZ/8BRbvNFiWRycGiqvMI22Ifn5qsKfq0U23j43XD81jT6d7K0WQd55ejNpoSpdxJcbOuFgQy3mXizfA==",
      "dev": true,
      "peerDependencies": {
        "@stencil/core": ">=1.0.2"
      }
    },
    "node_modules/@types/istanbul-lib-coverage": {
      "version": "2.0.3",
      "resolved": "https://registry.npmjs.org/@types/istanbul-lib-coverage/-/istanbul-lib-coverage-2.0.3.tgz",
      "integrity": "sha512-sz7iLqvVUg1gIedBOvlkxPlc8/uVzyS5OwGz1cKjXzkl3FpL3al0crU8YGU1WoHkxn0Wxbw5tyi6hvzJKNzFsw==",
      "dev": true
    },
    "node_modules/@types/istanbul-lib-report": {
      "version": "3.0.0",
      "resolved": "https://registry.npmjs.org/@types/istanbul-lib-report/-/istanbul-lib-report-3.0.0.tgz",
      "integrity": "sha512-plGgXAPfVKFoYfa9NpYDAkseG+g6Jr294RqeqcqDixSbU34MZVJRi/P+7Y8GDpzkEwLaGZZOpKIEmeVZNtKsrg==",
      "dev": true,
      "dependencies": {
        "@types/istanbul-lib-coverage": "*"
      }
    },
    "node_modules/@types/istanbul-reports": {
      "version": "3.0.1",
      "resolved": "https://registry.npmjs.org/@types/istanbul-reports/-/istanbul-reports-3.0.1.tgz",
      "integrity": "sha512-c3mAZEuK0lvBp8tmuL74XRKn1+y2dcwOUpH7x4WrF6gk1GIgiluDRgMYQtw2OFcBvAJWlt6ASU3tSqxp0Uu0Aw==",
      "dev": true,
      "dependencies": {
        "@types/istanbul-lib-report": "*"
      }
    },
    "node_modules/@types/jest": {
      "version": "26.0.23",
      "resolved": "https://registry.npmjs.org/@types/jest/-/jest-26.0.23.tgz",
      "integrity": "sha512-ZHLmWMJ9jJ9PTiT58juykZpL7KjwJywFN3Rr2pTSkyQfydf/rk22yS7W8p5DaVUMQ2BQC7oYiU3FjbTM/mYrOA==",
      "dev": true,
      "dependencies": {
        "jest-diff": "^26.0.0",
        "pretty-format": "^26.0.0"
      }
    },
    "node_modules/@types/node": {
      "version": "15.9.0",
      "resolved": "https://registry.npmjs.org/@types/node/-/node-15.9.0.tgz",
      "integrity": "sha512-AR1Vq1Ei1GaA5FjKL5PBqblTZsL5M+monvGSZwe6sSIdGiuu7Xr/pNwWJY+0ZQuN8AapD/XMB5IzBAyYRFbocA==",
      "dev": true
    },
    "node_modules/@types/yargs": {
      "version": "15.0.13",
      "resolved": "https://registry.npmjs.org/@types/yargs/-/yargs-15.0.13.tgz",
      "integrity": "sha512-kQ5JNTrbDv3Rp5X2n/iUu37IJBDU2gsZ5R/g1/KHOOEc5IKfUFjXT6DENPGduh08I/pamwtEq4oul7gUqKTQDQ==",
      "dev": true,
      "dependencies": {
        "@types/yargs-parser": "*"
      }
    },
    "node_modules/@types/yargs-parser": {
      "version": "20.2.0",
      "resolved": "https://registry.npmjs.org/@types/yargs-parser/-/yargs-parser-20.2.0.tgz",
      "integrity": "sha512-37RSHht+gzzgYeobbG+KWryeAW8J33Nhr69cjTqSYymXVZEN9NbRYWoYlRtDhHKPVT1FyNKwaTPC1NynKZpzRA==",
      "dev": true
    },
    "node_modules/ansi-regex": {
      "version": "5.0.0",
      "resolved": "https://registry.npmjs.org/ansi-regex/-/ansi-regex-5.0.0.tgz",
      "integrity": "sha512-bY6fj56OUQ0hU1KjFNDQuJFezqKdrAyFdIevADiqrWHwSlbmBNMHp5ak2f40Pm8JTFyM2mqxkG6ngkHO11f/lg==",
      "dev": true,
      "engines": {
        "node": ">=8"
      }
    },
    "node_modules/ansi-styles": {
      "version": "4.3.0",
      "resolved": "https://registry.npmjs.org/ansi-styles/-/ansi-styles-4.3.0.tgz",
      "integrity": "sha512-zbB9rCJAT1rbjiVDb2hqKFHNYLxgtk8NURxZ3IZwD3F6NtxbXZQCnnSi1Lkx+IDohdPlFp222wVALIheZJQSEg==",
      "dev": true,
      "dependencies": {
        "color-convert": "^2.0.1"
      },
      "engines": {
        "node": ">=8"
      },
      "funding": {
        "url": "https://github.com/chalk/ansi-styles?sponsor=1"
      }
    },
    "node_modules/axios": {
      "version": "0.21.1",
      "resolved": "https://registry.npmjs.org/axios/-/axios-0.21.1.tgz",
      "integrity": "sha512-dKQiRHxGD9PPRIUNIWvZhPTPpl1rf/OxTYKsqKUDjBwYylTvV7SjSHJb9ratfyzM6wCdLCOYLzs73qpg5c4iGA==",
      "dependencies": {
        "follow-redirects": "^1.10.0"
      }
    },
    "node_modules/chalk": {
      "version": "4.1.1",
      "resolved": "https://registry.npmjs.org/chalk/-/chalk-4.1.1.tgz",
      "integrity": "sha512-diHzdDKxcU+bAsUboHLPEDQiw0qEe0qd7SYUn3HgcFlWgbDcfLGswOHYeGrHKzG9z6UYf01d9VFMfZxPM1xZSg==",
      "dev": true,
      "dependencies": {
        "ansi-styles": "^4.1.0",
        "supports-color": "^7.1.0"
      },
      "engines": {
        "node": ">=10"
      },
      "funding": {
        "url": "https://github.com/chalk/chalk?sponsor=1"
      }
    },
    "node_modules/color-convert": {
      "version": "2.0.1",
      "resolved": "https://registry.npmjs.org/color-convert/-/color-convert-2.0.1.tgz",
      "integrity": "sha512-RRECPsj7iu/xb5oKYcsFHSppFNnsj/52OVTRKb4zP5onXwVF3zVmmToNcOfGC+CRDpfK/U584fMg38ZHCaElKQ==",
      "dev": true,
      "dependencies": {
        "color-name": "~1.1.4"
      },
      "engines": {
        "node": ">=7.0.0"
      }
    },
    "node_modules/color-name": {
      "version": "1.1.4",
      "resolved": "https://registry.npmjs.org/color-name/-/color-name-1.1.4.tgz",
      "integrity": "sha512-dOy+3AuW3a2wNbZHIuMZpTcgjGuLU/uBL/ubcZF9OXbDo8ff4O8yVp5Bf0efS8uEoYo5q4Fx7dY9OgQGXgAsQA==",
      "dev": true
    },
    "node_modules/diff-sequences": {
      "version": "26.6.2",
      "resolved": "https://registry.npmjs.org/diff-sequences/-/diff-sequences-26.6.2.tgz",
      "integrity": "sha512-Mv/TDa3nZ9sbc5soK+OoA74BsS3mL37yixCvUAQkiuA4Wz6YtwP/K47n2rv2ovzHZvoiQeA5FTQOschKkEwB0Q==",
      "dev": true,
      "engines": {
        "node": ">= 10.14.2"
      }
    },
    "node_modules/follow-redirects": {
      "version": "1.14.1",
      "resolved": "https://registry.npmjs.org/follow-redirects/-/follow-redirects-1.14.1.tgz",
      "integrity": "sha512-HWqDgT7ZEkqRzBvc2s64vSZ/hfOceEol3ac/7tKwzuvEyWx3/4UegXh5oBOIotkGsObyk3xznnSRVADBgWSQVg==",
      "funding": [
        {
          "type": "individual",
          "url": "https://github.com/sponsors/RubenVerborgh"
        }
      ],
      "engines": {
        "node": ">=4.0"
      },
      "peerDependenciesMeta": {
        "debug": {
          "optional": true
        }
      }
    },
    "node_modules/has-flag": {
      "version": "4.0.0",
      "resolved": "https://registry.npmjs.org/has-flag/-/has-flag-4.0.0.tgz",
      "integrity": "sha512-EykJT/Q1KjTWctppgIAgfSO0tKVuZUjhgMr17kqTumMl6Afv3EISleU7qZUzoXDFTAHTDC4NOoG/ZxU3EvlMPQ==",
      "dev": true,
      "engines": {
        "node": ">=8"
      }
    },
    "node_modules/jest-diff": {
      "version": "26.6.2",
      "resolved": "https://registry.npmjs.org/jest-diff/-/jest-diff-26.6.2.tgz",
      "integrity": "sha512-6m+9Z3Gv9wN0WFVasqjCL/06+EFCMTqDEUl/b87HYK2rAPTyfz4ZIuSlPhY51PIQRWx5TaxeF1qmXKe9gfN3sA==",
      "dev": true,
      "dependencies": {
        "chalk": "^4.0.0",
        "diff-sequences": "^26.6.2",
        "jest-get-type": "^26.3.0",
        "pretty-format": "^26.6.2"
      },
      "engines": {
        "node": ">= 10.14.2"
      }
    },
    "node_modules/jest-get-type": {
      "version": "26.3.0",
      "resolved": "https://registry.npmjs.org/jest-get-type/-/jest-get-type-26.3.0.tgz",
      "integrity": "sha512-TpfaviN1R2pQWkIihlfEanwOXK0zcxrKEE4MlU6Tn7keoXdN6/3gK/xl0yEh8DOunn5pOVGKf8hB4R9gVh04ig==",
      "dev": true,
      "engines": {
        "node": ">= 10.14.2"
      }
    },
    "node_modules/jose": {
      "version": "3.14.0",
      "resolved": "https://registry.npmjs.org/jose/-/jose-3.14.0.tgz",
      "integrity": "sha512-Hk4yFVGiSTuryL0XVyRTCvCPoD9eDCvEX/t+SpHTXXeNXsoxyopPLhoCLTt90vnu7yeIYXDdJWHNgI3Ix4H1FQ==",
      "funding": {
        "url": "https://github.com/sponsors/panva"
      }
    },
    "node_modules/pretty-format": {
      "version": "26.6.2",
      "resolved": "https://registry.npmjs.org/pretty-format/-/pretty-format-26.6.2.tgz",
      "integrity": "sha512-7AeGuCYNGmycyQbCqd/3PWH4eOoX/OiCa0uphp57NVTeAGdJGaAliecxwBDHYQCIvrW7aDBZCYeNTP/WX69mkg==",
      "dev": true,
      "dependencies": {
        "@jest/types": "^26.6.2",
        "ansi-regex": "^5.0.0",
        "ansi-styles": "^4.0.0",
        "react-is": "^17.0.1"
      },
      "engines": {
        "node": ">= 10"
      }
    },
    "node_modules/react-is": {
      "version": "17.0.2",
      "resolved": "https://registry.npmjs.org/react-is/-/react-is-17.0.2.tgz",
      "integrity": "sha512-w2GsyukL62IJnlaff/nRegPQR94C/XXamvMWmSHRJ4y7Ts/4ocGRmTHvOs8PSE6pB3dWOrD/nueuU5sduBsQ4w==",
      "dev": true
    },
    "node_modules/supports-color": {
      "version": "7.2.0",
      "resolved": "https://registry.npmjs.org/supports-color/-/supports-color-7.2.0.tgz",
      "integrity": "sha512-qpCAvRl9stuOHveKsn7HncJRvv501qIacKzQlO/+Lwxc9+0q2wLyv4Dfvt80/DPn2pqOBsJdDiogXGR9+OvwRw==",
      "dev": true,
      "dependencies": {
        "has-flag": "^4.0.0"
      },
      "engines": {
        "node": ">=8"
      }
    }
  },
  "dependencies": {
    "@identifo/identifo-auth-js": {
      "version": "git+ssh://git@github.com/madappgang/identifo.js.git#ead68b80e273c601f556f6df4ac9c16d45127cea",
      "integrity": "sha512-H9D5xIXdQ9GENqrOJkj/eqvexO7Ll1AR69wdZO5ARin6PLcE3Yj7ilH41pGP5OtZ4rYJMrQPE4x3hwPYYoOuVA==",
      "from": "@identifo/identifo-auth-js@git+https://github.com/madappgang/identifo.js.git",
      "requires": {
        "axios": "^0.21.1",
        "jose": "3"
      }
    },
    "@jest/types": {
      "version": "26.6.2",
      "resolved": "https://registry.npmjs.org/@jest/types/-/types-26.6.2.tgz",
      "integrity": "sha512-fC6QCp7Sc5sX6g8Tvbmj4XUTbyrik0akgRy03yjXbQaBWWNWGE7SGtJk98m0N8nzegD/7SggrUlivxo5ax4KWQ==",
      "dev": true,
      "requires": {
        "@types/istanbul-lib-coverage": "^2.0.0",
        "@types/istanbul-reports": "^3.0.0",
        "@types/node": "*",
        "@types/yargs": "^15.0.0",
        "chalk": "^4.0.0"
      }
    },
    "@stencil/core": {
      "version": "2.6.0",
      "resolved": "https://registry.npmjs.org/@stencil/core/-/core-2.6.0.tgz",
      "integrity": "sha512-QsxWayZyusnqSZrlCl81R71rA3KqFjVVQSH4E0rGN15F1GdQaFonKlHLyCOLKLig1zzC+DQkLLiUuocexuvdeQ=="
    },
    "@stencil/sass": {
      "version": "1.4.1",
      "resolved": "https://registry.npmjs.org/@stencil/sass/-/sass-1.4.1.tgz",
      "integrity": "sha512-aFKoqtxZ/8BRbvNFiWRycGiqvMI22Ifn5qsKfq0U23j43XD81jT6d7K0WQd55ejNpoSpdxJcbOuFgQy3mXizfA==",
      "dev": true,
      "requires": {}
    },
    "@types/istanbul-lib-coverage": {
      "version": "2.0.3",
      "resolved": "https://registry.npmjs.org/@types/istanbul-lib-coverage/-/istanbul-lib-coverage-2.0.3.tgz",
      "integrity": "sha512-sz7iLqvVUg1gIedBOvlkxPlc8/uVzyS5OwGz1cKjXzkl3FpL3al0crU8YGU1WoHkxn0Wxbw5tyi6hvzJKNzFsw==",
      "dev": true
    },
    "@types/istanbul-lib-report": {
      "version": "3.0.0",
      "resolved": "https://registry.npmjs.org/@types/istanbul-lib-report/-/istanbul-lib-report-3.0.0.tgz",
      "integrity": "sha512-plGgXAPfVKFoYfa9NpYDAkseG+g6Jr294RqeqcqDixSbU34MZVJRi/P+7Y8GDpzkEwLaGZZOpKIEmeVZNtKsrg==",
      "dev": true,
      "requires": {
        "@types/istanbul-lib-coverage": "*"
      }
    },
    "@types/istanbul-reports": {
      "version": "3.0.1",
      "resolved": "https://registry.npmjs.org/@types/istanbul-reports/-/istanbul-reports-3.0.1.tgz",
      "integrity": "sha512-c3mAZEuK0lvBp8tmuL74XRKn1+y2dcwOUpH7x4WrF6gk1GIgiluDRgMYQtw2OFcBvAJWlt6ASU3tSqxp0Uu0Aw==",
      "dev": true,
      "requires": {
        "@types/istanbul-lib-report": "*"
      }
    },
    "@types/jest": {
      "version": "26.0.23",
      "resolved": "https://registry.npmjs.org/@types/jest/-/jest-26.0.23.tgz",
      "integrity": "sha512-ZHLmWMJ9jJ9PTiT58juykZpL7KjwJywFN3Rr2pTSkyQfydf/rk22yS7W8p5DaVUMQ2BQC7oYiU3FjbTM/mYrOA==",
      "dev": true,
      "requires": {
        "jest-diff": "^26.0.0",
        "pretty-format": "^26.0.0"
      }
    },
    "@types/node": {
      "version": "15.9.0",
      "resolved": "https://registry.npmjs.org/@types/node/-/node-15.9.0.tgz",
      "integrity": "sha512-AR1Vq1Ei1GaA5FjKL5PBqblTZsL5M+monvGSZwe6sSIdGiuu7Xr/pNwWJY+0ZQuN8AapD/XMB5IzBAyYRFbocA==",
      "dev": true
    },
    "@types/yargs": {
      "version": "15.0.13",
      "resolved": "https://registry.npmjs.org/@types/yargs/-/yargs-15.0.13.tgz",
      "integrity": "sha512-kQ5JNTrbDv3Rp5X2n/iUu37IJBDU2gsZ5R/g1/KHOOEc5IKfUFjXT6DENPGduh08I/pamwtEq4oul7gUqKTQDQ==",
      "dev": true,
      "requires": {
        "@types/yargs-parser": "*"
      }
    },
    "@types/yargs-parser": {
      "version": "20.2.0",
      "resolved": "https://registry.npmjs.org/@types/yargs-parser/-/yargs-parser-20.2.0.tgz",
      "integrity": "sha512-37RSHht+gzzgYeobbG+KWryeAW8J33Nhr69cjTqSYymXVZEN9NbRYWoYlRtDhHKPVT1FyNKwaTPC1NynKZpzRA==",
      "dev": true
    },
    "ansi-regex": {
      "version": "5.0.0",
      "resolved": "https://registry.npmjs.org/ansi-regex/-/ansi-regex-5.0.0.tgz",
      "integrity": "sha512-bY6fj56OUQ0hU1KjFNDQuJFezqKdrAyFdIevADiqrWHwSlbmBNMHp5ak2f40Pm8JTFyM2mqxkG6ngkHO11f/lg==",
      "dev": true
    },
    "ansi-styles": {
      "version": "4.3.0",
      "resolved": "https://registry.npmjs.org/ansi-styles/-/ansi-styles-4.3.0.tgz",
      "integrity": "sha512-zbB9rCJAT1rbjiVDb2hqKFHNYLxgtk8NURxZ3IZwD3F6NtxbXZQCnnSi1Lkx+IDohdPlFp222wVALIheZJQSEg==",
      "dev": true,
      "requires": {
        "color-convert": "^2.0.1"
      }
    },
    "axios": {
      "version": "0.21.1",
      "resolved": "https://registry.npmjs.org/axios/-/axios-0.21.1.tgz",
      "integrity": "sha512-dKQiRHxGD9PPRIUNIWvZhPTPpl1rf/OxTYKsqKUDjBwYylTvV7SjSHJb9ratfyzM6wCdLCOYLzs73qpg5c4iGA==",
      "requires": {
        "follow-redirects": "^1.10.0"
      }
    },
    "chalk": {
      "version": "4.1.1",
      "resolved": "https://registry.npmjs.org/chalk/-/chalk-4.1.1.tgz",
      "integrity": "sha512-diHzdDKxcU+bAsUboHLPEDQiw0qEe0qd7SYUn3HgcFlWgbDcfLGswOHYeGrHKzG9z6UYf01d9VFMfZxPM1xZSg==",
      "dev": true,
      "requires": {
        "ansi-styles": "^4.1.0",
        "supports-color": "^7.1.0"
      }
    },
    "color-convert": {
      "version": "2.0.1",
      "resolved": "https://registry.npmjs.org/color-convert/-/color-convert-2.0.1.tgz",
      "integrity": "sha512-RRECPsj7iu/xb5oKYcsFHSppFNnsj/52OVTRKb4zP5onXwVF3zVmmToNcOfGC+CRDpfK/U584fMg38ZHCaElKQ==",
      "dev": true,
      "requires": {
        "color-name": "~1.1.4"
      }
    },
    "color-name": {
      "version": "1.1.4",
      "resolved": "https://registry.npmjs.org/color-name/-/color-name-1.1.4.tgz",
      "integrity": "sha512-dOy+3AuW3a2wNbZHIuMZpTcgjGuLU/uBL/ubcZF9OXbDo8ff4O8yVp5Bf0efS8uEoYo5q4Fx7dY9OgQGXgAsQA==",
      "dev": true
    },
    "diff-sequences": {
      "version": "26.6.2",
      "resolved": "https://registry.npmjs.org/diff-sequences/-/diff-sequences-26.6.2.tgz",
      "integrity": "sha512-Mv/TDa3nZ9sbc5soK+OoA74BsS3mL37yixCvUAQkiuA4Wz6YtwP/K47n2rv2ovzHZvoiQeA5FTQOschKkEwB0Q==",
      "dev": true
    },
    "follow-redirects": {
      "version": "1.14.1",
      "resolved": "https://registry.npmjs.org/follow-redirects/-/follow-redirects-1.14.1.tgz",
      "integrity": "sha512-HWqDgT7ZEkqRzBvc2s64vSZ/hfOceEol3ac/7tKwzuvEyWx3/4UegXh5oBOIotkGsObyk3xznnSRVADBgWSQVg=="
    },
    "has-flag": {
      "version": "4.0.0",
      "resolved": "https://registry.npmjs.org/has-flag/-/has-flag-4.0.0.tgz",
      "integrity": "sha512-EykJT/Q1KjTWctppgIAgfSO0tKVuZUjhgMr17kqTumMl6Afv3EISleU7qZUzoXDFTAHTDC4NOoG/ZxU3EvlMPQ==",
      "dev": true
    },
    "jest-diff": {
      "version": "26.6.2",
      "resolved": "https://registry.npmjs.org/jest-diff/-/jest-diff-26.6.2.tgz",
      "integrity": "sha512-6m+9Z3Gv9wN0WFVasqjCL/06+EFCMTqDEUl/b87HYK2rAPTyfz4ZIuSlPhY51PIQRWx5TaxeF1qmXKe9gfN3sA==",
      "dev": true,
      "requires": {
        "chalk": "^4.0.0",
        "diff-sequences": "^26.6.2",
        "jest-get-type": "^26.3.0",
        "pretty-format": "^26.6.2"
      }
    },
    "jest-get-type": {
      "version": "26.3.0",
      "resolved": "https://registry.npmjs.org/jest-get-type/-/jest-get-type-26.3.0.tgz",
      "integrity": "sha512-TpfaviN1R2pQWkIihlfEanwOXK0zcxrKEE4MlU6Tn7keoXdN6/3gK/xl0yEh8DOunn5pOVGKf8hB4R9gVh04ig==",
      "dev": true
    },
    "jose": {
      "version": "3.14.0",
      "resolved": "https://registry.npmjs.org/jose/-/jose-3.14.0.tgz",
      "integrity": "sha512-Hk4yFVGiSTuryL0XVyRTCvCPoD9eDCvEX/t+SpHTXXeNXsoxyopPLhoCLTt90vnu7yeIYXDdJWHNgI3Ix4H1FQ=="
    },
    "pretty-format": {
      "version": "26.6.2",
      "resolved": "https://registry.npmjs.org/pretty-format/-/pretty-format-26.6.2.tgz",
      "integrity": "sha512-7AeGuCYNGmycyQbCqd/3PWH4eOoX/OiCa0uphp57NVTeAGdJGaAliecxwBDHYQCIvrW7aDBZCYeNTP/WX69mkg==",
      "dev": true,
      "requires": {
        "@jest/types": "^26.6.2",
        "ansi-regex": "^5.0.0",
        "ansi-styles": "^4.0.0",
        "react-is": "^17.0.1"
      }
    },
    "react-is": {
      "version": "17.0.2",
      "resolved": "https://registry.npmjs.org/react-is/-/react-is-17.0.2.tgz",
      "integrity": "sha512-w2GsyukL62IJnlaff/nRegPQR94C/XXamvMWmSHRJ4y7Ts/4ocGRmTHvOs8PSE6pB3dWOrD/nueuU5sduBsQ4w==",
      "dev": true
    },
    "supports-color": {
      "version": "7.2.0",
      "resolved": "https://registry.npmjs.org/supports-color/-/supports-color-7.2.0.tgz",
      "integrity": "sha512-qpCAvRl9stuOHveKsn7HncJRvv501qIacKzQlO/+Lwxc9+0q2wLyv4Dfvt80/DPn2pqOBsJdDiogXGR9+OvwRw==",
      "dev": true,
      "requires": {
        "has-flag": "^4.0.0"
      }
    }
  }
}
